
Microsoft Visual Studio Solution File, Format Version 12.00
# Visual Studio Version 17
VisualStudioVersion = 17.14.36109.1
MinimumVisualStudioVersion = 10.0.40219.1
Project("{D2ABAB84-BF74-430A-B69E-9DC6D40DDA17}") = "CuboBaseDeDatos", "CuboProyectoFinal\CuboBaseDeDatos.dwproj", "{2C60BD01-5B96-7F4E-5B66-34DAD1C12A14}"
EndProject
Global
	GlobalSection(SolutionConfigurationPlatforms) = preSolution
		Development|Default = Development|Default
	EndGlobalSection
	GlobalSection(ProjectConfigurationPlatforms) = postSolution
		{2C60BD01-5B96-7F4E-5B66-34DAD1C12A14}.Development|Default.ActiveCfg = Development
		{2C60BD01-5B96-7F4E-5B66-34DAD1C12A14}.Development|Default.Build.0 = Development
		{2C60BD01-5B96-7F4E-5B66-34DAD1C12A14}.Development|Default.Deploy.0 = Development
	EndGlobalSection
	GlobalSection(SolutionProperties) = preSolution
		HideSolutionNode = FALSE
	EndGlobalSection
	GlobalSection(ExtensibilityGlobals) = postSolution
		SolutionGuid = {7DDDE721-37D4-4851-8AFB-657707DDAEE6}
	EndGlobalSection
EndGlobal
